<?xml version="1.0" encoding="utf-8"?>
<Project ToolsVersion="4.0" xmlns="http://schemas.microsoft.com/developer/msbuild/2003">
  <ItemGroup>
    <Filter Include="Source Files">
      <UniqueIdentifier>{4FC737F1-C7A5-4376-A066-2A32D752A2FF}</UniqueIdentifier>
      <Extensions>cpp;c;cc;cxx;c++;cppm;ixx;def;odl;idl;hpj;bat;asm;asmx</Extensions>
    </Filter>
    <Filter Include="Header Files">
      <UniqueIdentifier>{93995380-89BD-4b04-88EB-625FBE52EBFB}</UniqueIdentifier>
      <Extensions>h;hh;hpp;hxx;h++;hm;inl;inc;ipp;xsd</Extensions>
    </Filter>
    <Filter Include="Resource Files">
      <UniqueIdentifier>{67DA6AB6-F800-4c08-8B7A-83BB121AAD01}</UniqueIdentifier>
      <Extensions>rc;ico;cur;bmp;dlg;rc2;rct;bin;rgs;gif;jpg;jpeg;jpe;resx;tiff;tif;png;wav;mfcribbon-ms</Extensions>
    </Filter>
    <Filter Include="Header Files\Input">
      <UniqueIdentifier>{03df67f4-0c63-4534-950c-3835df3329c6}</UniqueIdentifier>
    </Filter>
    <Filter Include="Source Files\Input">
      <UniqueIdentifier>{d8d430b1-b97f-48a1-8fd4-026162cf5d74}</UniqueIdentifier>
    </Filter>
    <Filter Include="Source Files\Math">
      <UniqueIdentifier>{0b6a403a-dbfb-452c-a443-bb02df5b4311}</UniqueIdentifier>
    </Filter>
  </ItemGroup>
  <ItemGroup>
    <ClCompile Include="lib\glad.c">
      <Filter>Resource Files</Filter>
    </ClCompile>
    <ClCompile Include="Source\Program.cpp">
      <Filter>Source Files</Filter>
    </ClCompile>
    <ClCompile Include="Source\Window.cpp">
      <Filter>Source Files</Filter>
    </ClCompile>
    <ClCompile Include="Source\Input\Mouse.cpp">
      <Filter>Source Files\Input</Filter>
    </ClCompile>
    <ClCompile Include="Source\Input\InputManager.cpp">
      <Filter>Source Files\Input</Filter>
    </ClCompile>
    <ClCompile Include="Source\Input\Keyboard.cpp">
      <Filter>Source Files\Input</Filter>
    </ClCompile>
    <ClCompile Include="Source\Rendering\TriangleRenderer.cpp">
      <Filter>Source Files</Filter>
    </ClCompile>
    <ClCompile Include="Source\Rendering\Shader.cpp">
      <Filter>Source Files</Filter>
    </ClCompile>
    <ClCompile Include="Source\Time.cpp">
      <Filter>Source Files</Filter>
    </ClCompile>
    <ClCompile Include="Source\Math\Trigonometry.cpp">
      <Filter>Source Files</Filter>
    </ClCompile>
    <ClCompile Include="Source\Camera.cpp">
      <Filter>Source Files</Filter>
    </ClCompile>
    <ClCompile Include="Source\Component\2D\Sprite.cpp">
      <Filter>Source Files</Filter>
    </ClCompile>
    <ClCompile Include="Source\2D\Camera2D.cpp">
      <Filter>Source Files</Filter>
    </ClCompile>
    <ClCompile Include="Source\Level.cpp">
      <Filter>Source Files</Filter>
    </ClCompile>
    <ClCompile Include="Source\Component\Component.cpp">
      <Filter>Source Files</Filter>
    </ClCompile>
    <ClCompile Include="Source\GameObject.cpp">
      <Filter>Source Files</Filter>
    </ClCompile>
    <ClCompile Include="Source\Component\2D\BoxCollider2D.cpp">
      <Filter>Source Files</Filter>
    </ClCompile>
    <ClCompile Include="Source\2D\Physics2D.cpp">
      <Filter>Source Files</Filter>
    </ClCompile>
    <ClCompile Include="Source\GregorianEngine.cpp">
      <Filter>Source Files</Filter>
    </ClCompile>
  </ItemGroup>
  <ItemGroup>
    <ClInclude Include="Source\Window.h">
      <Filter>Header Files</Filter>
    </ClInclude>
    <ClInclude Include="Source\Math\Vector.h">
      <Filter>Header Files</Filter>
    </ClInclude>
    <ClInclude Include="Source\Input\Mouse.h">
      <Filter>Header Files\Input</Filter>
    </ClInclude>
    <ClInclude Include="Source\Input\InputManager.h">
      <Filter>Header Files\Input</Filter>
    </ClInclude>
    <ClInclude Include="Source\Input\Keyboard.h">
      <Filter>Header Files\Input</Filter>
    </ClInclude>
    <ClInclude Include="Source\Rendering\TriangleRenderer.h">
      <Filter>Header Files</Filter>
    </ClInclude>
    <ClInclude Include="Source\Rendering\Shader.h">
      <Filter>Header Files</Filter>
    </ClInclude>
    <ClInclude Include="Source\Math\Matrix\Matrix.h">
      <Filter>Header Files</Filter>
    </ClInclude>
    <ClInclude Include="Source\Math\Number.h">
      <Filter>Header Files</Filter>
    </ClInclude>
    <ClInclude Include="Source\Math\Matrix\Mat2x2.h">
      <Filter>Header Files</Filter>
    </ClInclude>
    <ClInclude Include="Source\Math\Matrix\Mat2x3.h">
      <Filter>Header Files</Filter>
    </ClInclude>
    <ClInclude Include="Source\Math\Matrix\Mat2x4.h">
      <Filter>Header Files</Filter>
    </ClInclude>
    <ClInclude Include="Source\Math\Matrix\Mat3x2.h">
      <Filter>Header Files</Filter>
    </ClInclude>
    <ClInclude Include="Source\Math\Matrix\Mat3x3.h">
      <Filter>Header Files</Filter>
    </ClInclude>
    <ClInclude Include="Source\Math\Matrix\Mat4x2.h">
      <Filter>Header Files</Filter>
    </ClInclude>
    <ClInclude Include="Source\Math\Matrix\Mat4x3.h">
      <Filter>Header Files</Filter>
    </ClInclude>
    <ClInclude Include="Source\Math\Matrix\Mat4x4.h">
      <Filter>Header Files</Filter>
    </ClInclude>
    <ClInclude Include="Source\Math\Matrix\Mat2x1.h">
      <Filter>Header Files</Filter>
    </ClInclude>
    <ClInclude Include="Source\Math\Matrix\Mat1x2.h">
      <Filter>Header Files</Filter>
    </ClInclude>
    <ClInclude Include="Source\Math\Matrix\Mat1x3.h">
      <Filter>Header Files</Filter>
    </ClInclude>
    <ClInclude Include="Source\Math\Matrix\Mat1x4.h">
      <Filter>Header Files</Filter>
    </ClInclude>
    <ClInclude Include="Source\Time.h">
      <Filter>Header Files</Filter>
    </ClInclude>
    <ClInclude Include="Source\Math\Trigonometry.h">
      <Filter>Header Files</Filter>
    </ClInclude>
    <ClInclude Include="Source\Camera.h">
      <Filter>Header Files</Filter>
    </ClInclude>
    <ClInclude Include="Source\Component\2D\Sprite.h">
      <Filter>Header Files</Filter>
    </ClInclude>
    <ClInclude Include="Source\2D\Camera2D.h">
      <Filter>Header Files</Filter>
    </ClInclude>
    <ClInclude Include="Source\GameObject.h">
      <Filter>Header Files</Filter>
    </ClInclude>
    <ClInclude Include="Source\Level.h">
      <Filter>Header Files</Filter>
    </ClInclude>
    <ClInclude Include="Source\Component\Component.h">
      <Filter>Header Files</Filter>
    </ClInclude>
    <ClInclude Include="Source\Component\2D\BoxCollider2D.h">
      <Filter>Header Files</Filter>
    </ClInclude>
    <ClInclude Include="Source\2D\Physics2D.h">
      <Filter>Header Files</Filter>
    </ClInclude>
    <ClInclude Include="Source\GregorianEngine.h">
      <Filter>Header Files</Filter>
    </ClInclude>
  </ItemGroup>
  <ItemGroup>
    <ResourceCompile Include="Grengine.rc">
      <Filter>Resource Files</Filter>
    </ResourceCompile>
  </ItemGroup>
  <ItemGroup>
    <Image Include="Textures\container2.png">
      <Filter>Resource Files</Filter>
    </Image>
    <Image Include="Textures\container2_specular.png">
      <Filter>Resource Files</Filter>
    </Image>
  </ItemGroup>
</Project>